
Microsoft Visual Studio Solution File, Format Version 12.00
# Visual Studio Version 16
VisualStudioVersion = 16.0.30907.101
MinimumVisualStudioVersion = 10.0.40219.1
Project("{FAE04EC0-301F-11D3-BF4B-00C04F79EFBC}") = "1prak", "1prak\1prak.csproj", "{BF8A03A6-1B68-4EAA-914B-94391C6D61A2}"
EndProject
Global
	GlobalSection(SolutionConfigurationPlatforms) = preSolution
		Debug|Any CPU = Debug|Any CPU
		Release|Any CPU = Release|Any CPU
	EndGlobalSection
	GlobalSection(ProjectConfigurationPlatforms) = postSolution
		{BF8A03A6-1B68-4EAA-914B-94391C6D61A2}.Debug|Any CPU.ActiveCfg = Debug|Any CPU
		{BF8A03A6-1B68-4EAA-914B-94391C6D61A2}.Debug|Any CPU.Build.0 = Debug|Any CPU
		{BF8A03A6-1B68-4EAA-914B-94391C6D61A2}.Release|Any CPU.ActiveCfg = Release|Any CPU
		{BF8A03A6-1B68-4EAA-914B-94391C6D61A2}.Release|Any CPU.Build.0 = Release|Any CPU
	EndGlobalSection
	GlobalSection(SolutionProperties) = preSolution
		HideSolutionNode = FALSE
	EndGlobalSection
	GlobalSection(ExtensibilityGlobals) = postSolution
		SolutionGuid = {274286F0-A2F7-4F98-B47D-6F8718EDC8DC}
	EndGlobalSection
EndGlobal
